// !$*UTF8*$!
{
	archiveVersion = 1;
	classes = {
	};
	objectVersion = 51;
	objects = {

/* Begin PBXBuildFile section */
		360342508C6B5D79B0CC6B4C /* Pods_Weather_YandexAPI.framework in Frameworks */ = {isa = PBXBuildFile; fileRef = A1F325617EB5195570577D2D /* Pods_Weather_YandexAPI.framework */; };
		C4FEB68426F4A7640003B7D3 /* AppDelegate.swift in Sources */ = {isa = PBXBuildFile; fileRef = C4FEB68326F4A7640003B7D3 /* AppDelegate.swift */; };
		C4FEB68626F4A7640003B7D3 /* SceneDelegate.swift in Sources */ = {isa = PBXBuildFile; fileRef = C4FEB68526F4A7640003B7D3 /* SceneDelegate.swift */; };
		C4FEB68826F4A7640003B7D3 /* MainViewController.swift in Sources */ = {isa = PBXBuildFile; fileRef = C4FEB68726F4A7640003B7D3 /* MainViewController.swift */; };
		C4FEB68D26F4A7670003B7D3 /* Assets.xcassets in Resources */ = {isa = PBXBuildFile; fileRef = C4FEB68C26F4A7670003B7D3 /* Assets.xcassets */; };
		C4FEB69F26F4AA580003B7D3 /* LaunchScreen.storyboard in Resources */ = {isa = PBXBuildFile; fileRef = C4FEB69E26F4AA580003B7D3 /* LaunchScreen.storyboard */; };
		C4FEB6A126F4AB860003B7D3 /* MainTableViewCell.swift in Sources */ = {isa = PBXBuildFile; fileRef = C4FEB6A026F4AB860003B7D3 /* MainTableViewCell.swift */; };
		C4FEB6A426F4AF070003B7D3 /* Extension + UIFont.swift in Sources */ = {isa = PBXBuildFile; fileRef = C4FEB6A326F4AF070003B7D3 /* Extension + UIFont.swift */; };
		C4FEB6A626F4BB150003B7D3 /* Weather.swift in Sources */ = {isa = PBXBuildFile; fileRef = C4FEB6A526F4BB150003B7D3 /* Weather.swift */; };
		C4FEB6A826F4BD2C0003B7D3 /* Cities.swift in Sources */ = {isa = PBXBuildFile; fileRef = C4FEB6A726F4BD2C0003B7D3 /* Cities.swift */; };
		C4FEB6AB26F4BE250003B7D3 /* NetworkService.swift in Sources */ = {isa = PBXBuildFile; fileRef = C4FEB6AA26F4BE250003B7D3 /* NetworkService.swift */; };
		C4FEB6AD26F5A04E0003B7D3 /* DetailViewController.swift in Sources */ = {isa = PBXBuildFile; fileRef = C4FEB6AC26F5A04E0003B7D3 /* DetailViewController.swift */; };
		C4FEB6AF26F5A47F0003B7D3 /* Extension + UISearchBar.swift in Sources */ = {isa = PBXBuildFile; fileRef = C4FEB6AE26F5A47F0003B7D3 /* Extension + UISearchBar.swift */; };
		C4FEB6B126F5AF5C0003B7D3 /* HeaderTableViewCell.swift in Sources */ = {isa = PBXBuildFile; fileRef = C4FEB6B026F5AF5C0003B7D3 /* HeaderTableViewCell.swift */; };
		C4FEB6B326F5D44C0003B7D3 /* DayOfTheWeekTableViewCell.swift in Sources */ = {isa = PBXBuildFile; fileRef = C4FEB6B226F5D44C0003B7D3 /* DayOfTheWeekTableViewCell.swift */; };
		C4FEB6B526F5D8FE0003B7D3 /* Extension + Date.swift in Sources */ = {isa = PBXBuildFile; fileRef = C4FEB6B426F5D8FE0003B7D3 /* Extension + Date.swift */; };
		C4FEB6B726F5DF540003B7D3 /* AdditionalInformationTableViewCell.swift in Sources */ = {isa = PBXBuildFile; fileRef = C4FEB6B626F5DF540003B7D3 /* AdditionalInformationTableViewCell.swift */; };
		C4FEB6B926F5F08F0003B7D3 /* WeatherModel.swift in Sources */ = {isa = PBXBuildFile; fileRef = C4FEB6B826F5F08F0003B7D3 /* WeatherModel.swift */; };
		C4FEB6BB26F5FB860003B7D3 /* Extension + UIAlertController.swift in Sources */ = {isa = PBXBuildFile; fileRef = C4FEB6BA26F5FB860003B7D3 /* Extension + UIAlertController.swift */; };
/* End PBXBuildFile section */

/* Begin PBXFileReference section */
		993655F9786D3E5AA78FA631 /* Pods-Weather-YandexAPI.release.xcconfig */ = {isa = PBXFileReference; includeInIndex = 1; lastKnownFileType = text.xcconfig; name = "Pods-Weather-YandexAPI.release.xcconfig"; path = "Target Support Files/Pods-Weather-YandexAPI/Pods-Weather-YandexAPI.release.xcconfig"; sourceTree = "<group>"; };
		A1F325617EB5195570577D2D /* Pods_Weather_YandexAPI.framework */ = {isa = PBXFileReference; explicitFileType = wrapper.framework; includeInIndex = 0; path = Pods_Weather_YandexAPI.framework; sourceTree = BUILT_PRODUCTS_DIR; };
		C4FEB68026F4A7640003B7D3 /* Weather-YandexAPI.app */ = {isa = PBXFileReference; explicitFileType = wrapper.application; includeInIndex = 0; path = "Weather-YandexAPI.app"; sourceTree = BUILT_PRODUCTS_DIR; };
		C4FEB68326F4A7640003B7D3 /* AppDelegate.swift */ = {isa = PBXFileReference; lastKnownFileType = sourcecode.swift; path = AppDelegate.swift; sourceTree = "<group>"; };
		C4FEB68526F4A7640003B7D3 /* SceneDelegate.swift */ = {isa = PBXFileReference; lastKnownFileType = sourcecode.swift; path = SceneDelegate.swift; sourceTree = "<group>"; };
		C4FEB68726F4A7640003B7D3 /* MainViewController.swift */ = {isa = PBXFileReference; lastKnownFileType = sourcecode.swift; path = MainViewController.swift; sourceTree = "<group>"; };
		C4FEB68C26F4A7670003B7D3 /* Assets.xcassets */ = {isa = PBXFileReference; lastKnownFileType = folder.assetcatalog; path = Assets.xcassets; sourceTree = "<group>"; };
		C4FEB69126F4A7670003B7D3 /* Info.plist */ = {isa = PBXFileReference; lastKnownFileType = text.plist.xml; path = Info.plist; sourceTree = "<group>"; };
		C4FEB69E26F4AA580003B7D3 /* LaunchScreen.storyboard */ = {isa = PBXFileReference; fileEncoding = 4; lastKnownFileType = file.storyboard; path = LaunchScreen.storyboard; sourceTree = "<group>"; };
		C4FEB6A026F4AB860003B7D3 /* MainTableViewCell.swift */ = {isa = PBXFileReference; lastKnownFileType = sourcecode.swift; path = MainTableViewCell.swift; sourceTree = "<group>"; };
		C4FEB6A326F4AF070003B7D3 /* Extension + UIFont.swift */ = {isa = PBXFileReference; fileEncoding = 4; lastKnownFileType = sourcecode.swift; path = "Extension + UIFont.swift"; sourceTree = "<group>"; };
		C4FEB6A526F4BB150003B7D3 /* Weather.swift */ = {isa = PBXFileReference; lastKnownFileType = sourcecode.swift; path = Weather.swift; sourceTree = "<group>"; };
		C4FEB6A726F4BD2C0003B7D3 /* Cities.swift */ = {isa = PBXFileReference; lastKnownFileType = sourcecode.swift; path = Cities.swift; sourceTree = "<group>"; };
		C4FEB6AA26F4BE250003B7D3 /* NetworkService.swift */ = {isa = PBXFileReference; lastKnownFileType = sourcecode.swift; path = NetworkService.swift; sourceTree = "<group>"; };
		C4FEB6AC26F5A04E0003B7D3 /* DetailViewController.swift */ = {isa = PBXFileReference; lastKnownFileType = sourcecode.swift; path = DetailViewController.swift; sourceTree = "<group>"; };
		C4FEB6AE26F5A47F0003B7D3 /* Extension + UISearchBar.swift */ = {isa = PBXFileReference; lastKnownFileType = sourcecode.swift; path = "Extension + UISearchBar.swift"; sourceTree = "<group>"; };
		C4FEB6B026F5AF5C0003B7D3 /* HeaderTableViewCell.swift */ = {isa = PBXFileReference; lastKnownFileType = sourcecode.swift; path = HeaderTableViewCell.swift; sourceTree = "<group>"; };
		C4FEB6B226F5D44C0003B7D3 /* DayOfTheWeekTableViewCell.swift */ = {isa = PBXFileReference; lastKnownFileType = sourcecode.swift; path = DayOfTheWeekTableViewCell.swift; sourceTree = "<group>"; };
		C4FEB6B426F5D8FE0003B7D3 /* Extension + Date.swift */ = {isa = PBXFileReference; lastKnownFileType = sourcecode.swift; path = "Extension + Date.swift"; sourceTree = "<group>"; };
		C4FEB6B626F5DF540003B7D3 /* AdditionalInformationTableViewCell.swift */ = {isa = PBXFileReference; lastKnownFileType = sourcecode.swift; path = AdditionalInformationTableViewCell.swift; sourceTree = "<group>"; };
		C4FEB6B826F5F08F0003B7D3 /* WeatherModel.swift */ = {isa = PBXFileReference; lastKnownFileType = sourcecode.swift; path = WeatherModel.swift; sourceTree = "<group>"; };
		C4FEB6BA26F5FB860003B7D3 /* Extension + UIAlertController.swift */ = {isa = PBXFileReference; lastKnownFileType = sourcecode.swift; path = "Extension + UIAlertController.swift"; sourceTree = "<group>"; };
		CC94B2ED388768FCC68C0577 /* Pods-Weather-YandexAPI.debug.xcconfig */ = {isa = PBXFileReference; includeInIndex = 1; lastKnownFileType = text.xcconfig; name = "Pods-Weather-YandexAPI.debug.xcconfig"; path = "Target Support Files/Pods-Weather-YandexAPI/Pods-Weather-YandexAPI.debug.xcconfig"; sourceTree = "<group>"; };
/* End PBXFileReference section */

/* Begin PBXFrameworksBuildPhase section */
		C4FEB67D26F4A7640003B7D3 /* Frameworks */ = {
			isa = PBXFrameworksBuildPhase;
			buildActionMask = 2147483647;
			files = (
				360342508C6B5D79B0CC6B4C /* Pods_Weather_YandexAPI.framework in Frameworks */,
			);
			runOnlyForDeploymentPostprocessing = 0;
		};
/* End PBXFrameworksBuildPhase section */

/* Begin PBXGroup section */
		C4FEB67726F4A7630003B7D3 = {
			isa = PBXGroup;
			children = (
				C4FEB68226F4A7640003B7D3 /* Weather-YandexAPI */,
				C4FEB68126F4A7640003B7D3 /* Products */,
				F7D82587766DB41933CBB2B6 /* Pods */,
				D4668B074F41A1D31E0223B7 /* Frameworks */,
			);
			sourceTree = "<group>";
		};
		C4FEB68126F4A7640003B7D3 /* Products */ = {
			isa = PBXGroup;
			children = (
				C4FEB68026F4A7640003B7D3 /* Weather-YandexAPI.app */,
			);
			name = Products;
			sourceTree = "<group>";
		};
		C4FEB68226F4A7640003B7D3 /* Weather-YandexAPI */ = {
			isa = PBXGroup;
			children = (
				C4FEB69C26F4A8000003B7D3 /* App */,
				C4FEB69726F4A7750003B7D3 /* Model */,
				C4FEB69826F4A77B0003B7D3 /* View */,
				C4FEB69926F4A78B0003B7D3 /* Controller */,
				C4FEB6A926F4BE180003B7D3 /* NetworkService */,
				C4FEB6A226F4AEB30003B7D3 /* Healpers */,
				C4FEB69A26F4A7B60003B7D3 /* Resources */,
				C4FEB69B26F4A7DE0003B7D3 /* Supporting Files */,
			);
			path = "Weather-YandexAPI";
			sourceTree = "<group>";
		};
		C4FEB69726F4A7750003B7D3 /* Model */ = {
			isa = PBXGroup;
			children = (
				C4FEB6B826F5F08F0003B7D3 /* WeatherModel.swift */,
				C4FEB6A526F4BB150003B7D3 /* Weather.swift */,
				C4FEB6A726F4BD2C0003B7D3 /* Cities.swift */,
			);
			path = Model;
			sourceTree = "<group>";
		};
		C4FEB69826F4A77B0003B7D3 /* View */ = {
			isa = PBXGroup;
			children = (
				C4FEB6A026F4AB860003B7D3 /* MainTableViewCell.swift */,
				C4FEB6B026F5AF5C0003B7D3 /* HeaderTableViewCell.swift */,
				C4FEB6B226F5D44C0003B7D3 /* DayOfTheWeekTableViewCell.swift */,
				C4FEB6B626F5DF540003B7D3 /* AdditionalInformationTableViewCell.swift */,
			);
			path = View;
			sourceTree = "<group>";
		};
		C4FEB69926F4A78B0003B7D3 /* Controller */ = {
			isa = PBXGroup;
			children = (
				C4FEB68726F4A7640003B7D3 /* MainViewController.swift */,
				C4FEB6AC26F5A04E0003B7D3 /* DetailViewController.swift */,
			);
			path = Controller;
			sourceTree = "<group>";
		};
		C4FEB69A26F4A7B60003B7D3 /* Resources */ = {
			isa = PBXGroup;
			children = (
				C4FEB68C26F4A7670003B7D3 /* Assets.xcassets */,
			);
			path = Resources;
			sourceTree = "<group>";
		};
		C4FEB69B26F4A7DE0003B7D3 /* Supporting Files */ = {
			isa = PBXGroup;
			children = (
				C4FEB69E26F4AA580003B7D3 /* LaunchScreen.storyboard */,
				C4FEB69126F4A7670003B7D3 /* Info.plist */,
			);
			path = "Supporting Files";
			sourceTree = "<group>";
		};
		C4FEB69C26F4A8000003B7D3 /* App */ = {
			isa = PBXGroup;
			children = (
				C4FEB68326F4A7640003B7D3 /* AppDelegate.swift */,
				C4FEB68526F4A7640003B7D3 /* SceneDelegate.swift */,
			);
			path = App;
			sourceTree = "<group>";
		};
		C4FEB6A226F4AEB30003B7D3 /* Healpers */ = {
			isa = PBXGroup;
			children = (
				C4FEB6A326F4AF070003B7D3 /* Extension + UIFont.swift */,
				C4FEB6BA26F5FB860003B7D3 /* Extension + UIAlertController.swift */,
				C4FEB6AE26F5A47F0003B7D3 /* Extension + UISearchBar.swift */,
				C4FEB6B426F5D8FE0003B7D3 /* Extension + Date.swift */,
			);
			path = Healpers;
			sourceTree = "<group>";
		};
		C4FEB6A926F4BE180003B7D3 /* NetworkService */ = {
			isa = PBXGroup;
			children = (
				C4FEB6AA26F4BE250003B7D3 /* NetworkService.swift */,
			);
			path = NetworkService;
			sourceTree = "<group>";
		};
		D4668B074F41A1D31E0223B7 /* Frameworks */ = {
			isa = PBXGroup;
			children = (
				A1F325617EB5195570577D2D /* Pods_Weather_YandexAPI.framework */,
			);
			name = Frameworks;
			sourceTree = "<group>";
		};
		F7D82587766DB41933CBB2B6 /* Pods */ = {
			isa = PBXGroup;
			children = (
				CC94B2ED388768FCC68C0577 /* Pods-Weather-YandexAPI.debug.xcconfig */,
				993655F9786D3E5AA78FA631 /* Pods-Weather-YandexAPI.release.xcconfig */,
			);
			path = Pods;
			sourceTree = "<group>";
		};
/* End PBXGroup section */

/* Begin PBXNativeTarget section */
		C4FEB67F26F4A7640003B7D3 /* Weather-YandexAPI */ = {
			isa = PBXNativeTarget;
			buildConfigurationList = C4FEB69426F4A7670003B7D3 /* Build configuration list for PBXNativeTarget "Weather-YandexAPI" */;
			buildPhases = (
				1157D74CCAD29EA3D346B54E /* [CP] Check Pods Manifest.lock */,
				C4FEB67C26F4A7640003B7D3 /* Sources */,
				C4FEB67D26F4A7640003B7D3 /* Frameworks */,
				C4FEB67E26F4A7640003B7D3 /* Resources */,
				D3AF3509A00D8EFD4A67072B /* [CP] Embed Pods Frameworks */,
			);
			buildRules = (
			);
			dependencies = (
			);
			name = "Weather-YandexAPI";
			productName = "Weather-YandexAPI";
			productReference = C4FEB68026F4A7640003B7D3 /* Weather-YandexAPI.app */;
			productType = "com.apple.product-type.application";
		};
/* End PBXNativeTarget section */

/* Begin PBXProject section */
		C4FEB67826F4A7630003B7D3 /* Project object */ = {
			isa = PBXProject;
			attributes = {
				LastSwiftUpdateCheck = 1250;
				LastUpgradeCheck = 1250;
				TargetAttributes = {
					C4FEB67F26F4A7640003B7D3 = {
						CreatedOnToolsVersion = 12.5;
					};
				};
			};
			buildConfigurationList = C4FEB67B26F4A7630003B7D3 /* Build configuration list for PBXProject "Weather-YandexAPI" */;
			compatibilityVersion = "Xcode 9.3";
			developmentRegion = en;
			hasScannedForEncodings = 0;
			knownRegions = (
				en,
				Base,
			);
			mainGroup = C4FEB67726F4A7630003B7D3;
			productRefGroup = C4FEB68126F4A7640003B7D3 /* Products */;
			projectDirPath = "";
			projectRoot = "";
			targets = (
				C4FEB67F26F4A7640003B7D3 /* Weather-YandexAPI */,
			);
		};
/* End PBXProject section */

/* Begin PBXResourcesBuildPhase section */
		C4FEB67E26F4A7640003B7D3 /* Resources */ = {
			isa = PBXResourcesBuildPhase;
			buildActionMask = 2147483647;
			files = (
				C4FEB68D26F4A7670003B7D3 /* Assets.xcassets in Resources */,
				C4FEB69F26F4AA580003B7D3 /* LaunchScreen.storyboard in Resources */,
			);
			runOnlyForDeploymentPostprocessing = 0;
		};
/* End PBXResourcesBuildPhase section */

/* Begin PBXShellScriptBuildPhase section */
		1157D74CCAD29EA3D346B54E /* [CP] Check Pods Manifest.lock */ = {
			isa = PBXShellScriptBuildPhase;
			buildActionMask = 2147483647;
			files = (
			);
			inputFileListPaths = (
			);
			inputPaths = (
				"${PODS_PODFILE_DIR_PATH}/Podfile.lock",
				"${PODS_ROOT}/Manifest.lock",
			);
			name = "[CP] Check Pods Manifest.lock";
			outputFileListPaths = (
			);
			outputPaths = (
				"$(DERIVED_FILE_DIR)/Pods-Weather-YandexAPI-checkManifestLockResult.txt",
			);
			runOnlyForDeploymentPostprocessing = 0;
			shellPath = /bin/sh;
			shellScript = "diff \"${PODS_PODFILE_DIR_PATH}/Podfile.lock\" \"${PODS_ROOT}/Manifest.lock\" > /dev/null\nif [ $? != 0 ] ; then\n    # print error to STDERR\n    echo \"error: The sandbox is not in sync with the Podfile.lock. Run 'pod install' or update your CocoaPods installation.\" >&2\n    exit 1\nfi\n# This output is used by Xcode 'outputs' to avoid re-running this script phase.\necho \"SUCCESS\" > \"${SCRIPT_OUTPUT_FILE_0}\"\n";
			showEnvVarsInLog = 0;
		};
		D3AF3509A00D8EFD4A67072B /* [CP] Embed Pods Frameworks */ = {
			isa = PBXShellScriptBuildPhase;
			buildActionMask = 2147483647;
			files = (
			);
			inputFileListPaths = (
				"${PODS_ROOT}/Target Support Files/Pods-Weather-YandexAPI/Pods-Weather-YandexAPI-frameworks-${CONFIGURATION}-input-files.xcfilelist",
			);
			name = "[CP] Embed Pods Frameworks";
			outputFileListPaths = (
				"${PODS_ROOT}/Target Support Files/Pods-Weather-YandexAPI/Pods-Weather-YandexAPI-frameworks-${CONFIGURATION}-output-files.xcfilelist",
			);
			runOnlyForDeploymentPostprocessing = 0;
			shellPath = /bin/sh;
			shellScript = "\"${PODS_ROOT}/Target Support Files/Pods-Weather-YandexAPI/Pods-Weather-YandexAPI-frameworks.sh\"\n";
			showEnvVarsInLog = 0;
		};
/* End PBXShellScriptBuildPhase section */

/* Begin PBXSourcesBuildPhase section */
		C4FEB67C26F4A7640003B7D3 /* Sources */ = {
			isa = PBXSourcesBuildPhase;
			buildActionMask = 2147483647;
			files = (
				C4FEB6BB26F5FB860003B7D3 /* Extension + UIAlertController.swift in Sources */,
				C4FEB6AD26F5A04E0003B7D3 /* DetailViewController.swift in Sources */,
				C4FEB6A426F4AF070003B7D3 /* Extension + UIFont.swift in Sources */,
				C4FEB68826F4A7640003B7D3 /* MainViewController.swift in Sources */,
				C4FEB6B526F5D8FE0003B7D3 /* Extension + Date.swift in Sources */,
				C4FEB6B926F5F08F0003B7D3 /* WeatherModel.swift in Sources */,
				C4FEB6AF26F5A47F0003B7D3 /* Extension + UISearchBar.swift in Sources */,
				C4FEB6AB26F4BE250003B7D3 /* NetworkService.swift in Sources */,
				C4FEB6B326F5D44C0003B7D3 /* DayOfTheWeekTableViewCell.swift in Sources */,
				C4FEB6B126F5AF5C0003B7D3 /* HeaderTableViewCell.swift in Sources */,
				C4FEB68426F4A7640003B7D3 /* AppDelegate.swift in Sources */,
				C4FEB6A126F4AB860003B7D3 /* MainTableViewCell.swift in Sources */,
				C4FEB6A826F4BD2C0003B7D3 /* Cities.swift in Sources */,
				C4FEB6A626F4BB150003B7D3 /* Weather.swift in Sources */,
				C4FEB68626F4A7640003B7D3 /* SceneDelegate.swift in Sources */,
				C4FEB6B726F5DF540003B7D3 /* AdditionalInformationTableViewCell.swift in Sources */,
			);
			runOnlyForDeploymentPostprocessing = 0;
		};
/* End PBXSourcesBuildPhase section */

/* Begin XCBuildConfiguration section */
		C4FEB69226F4A7670003B7D3 /* Debug */ = {
			isa = XCBuildConfiguration;
			buildSettings = {
				ALWAYS_SEARCH_USER_PATHS = NO;
				CLANG_ANALYZER_NONNULL = YES;
				CLANG_ANALYZER_NUMBER_OBJECT_CONVERSION = YES_AGGRESSIVE;
				CLANG_CXX_LANGUAGE_STANDARD = "gnu++14";
				CLANG_CXX_LIBRARY = "libc++";
				CLANG_ENABLE_MODULES = YES;
				CLANG_ENABLE_OBJC_ARC = YES;
				CLANG_ENABLE_OBJC_WEAK = YES;
				CLANG_WARN_BLOCK_CAPTURE_AUTORELEASING = YES;
				CLANG_WARN_BOOL_CONVERSION = YES;
				CLANG_WARN_COMMA = YES;
				CLANG_WARN_CONSTANT_CONVERSION = YES;
				CLANG_WARN_DEPRECATED_OBJC_IMPLEMENTATIONS = YES;
				CLANG_WARN_DIRECT_OBJC_ISA_USAGE = YES_ERROR;
				CLANG_WARN_DOCUMENTATION_COMMENTS = YES;
				CLANG_WARN_EMPTY_BODY = YES;
				CLANG_WARN_ENUM_CONVERSION = YES;
				CLANG_WARN_INFINITE_RECURSION = YES;
				CLANG_WARN_INT_CONVERSION = YES;
				CLANG_WARN_NON_LITERAL_NULL_CONVERSION = YES;
				CLANG_WARN_OBJC_IMPLICIT_RETAIN_SELF = YES;
				CLANG_WARN_OBJC_LITERAL_CONVERSION = YES;
				CLANG_WARN_OBJC_ROOT_CLASS = YES_ERROR;
				CLANG_WARN_QUOTED_INCLUDE_IN_FRAMEWORK_HEADER = YES;
				CLANG_WARN_RANGE_LOOP_ANALYSIS = YES;
				CLANG_WARN_STRICT_PROTOTYPES = YES;
				CLANG_WARN_SUSPICIOUS_MOVE = YES;
				CLANG_WARN_UNGUARDED_AVAILABILITY = YES_AGGRESSIVE;
				CLANG_WARN_UNREACHABLE_CODE = YES;
				CLANG_WARN__DUPLICATE_METHOD_MATCH = YES;
				COPY_PHASE_STRIP = NO;
				DEBUG_INFORMATION_FORMAT = dwarf;
				ENABLE_STRICT_OBJC_MSGSEND = YES;
				ENABLE_TESTABILITY = YES;
				GCC_C_LANGUAGE_STANDARD = gnu11;
				GCC_DYNAMIC_NO_PIC = NO;
				GCC_NO_COMMON_BLOCKS = YES;
				GCC_OPTIMIZATION_LEVEL = 0;
				GCC_PREPROCESSOR_DEFINITIONS = (
					"DEBUG=1",
					"$(inherited)",
				);
				GCC_WARN_64_TO_32_BIT_CONVERSION = YES;
				GCC_WARN_ABOUT_RETURN_TYPE = YES_ERROR;
				GCC_WARN_UNDECLARED_SELECTOR = YES;
				GCC_WARN_UNINITIALIZED_AUTOS = YES_AGGRESSIVE;
				GCC_WARN_UNUSED_FUNCTION = YES;
				GCC_WARN_UNUSED_VARIABLE = YES;
				IPHONEOS_DEPLOYMENT_TARGET = 14.5;
				MTL_ENABLE_DEBUG_INFO = INCLUDE_SOURCE;
				MTL_FAST_MATH = YES;
				ONLY_ACTIVE_ARCH = YES;
				SDKROOT = iphoneos;
				SWIFT_ACTIVE_COMPILATION_CONDITIONS = DEBUG;
				SWIFT_OPTIMIZATION_LEVEL = "-Onone";
			};
			name = Debug;
		};
		C4FEB69326F4A7670003B7D3 /* Release */ = {
			isa = XCBuildConfiguration;
			buildSettings = {
				ALWAYS_SEARCH_USER_PATHS = NO;
				CLANG_ANALYZER_NONNULL = YES;
				CLANG_ANALYZER_NUMBER_OBJECT_CONVERSION = YES_AGGRESSIVE;
				CLANG_CXX_LANGUAGE_STANDARD = "gnu++14";
				CLANG_CXX_LIBRARY = "libc++";
				CLANG_ENABLE_MODULES = YES;
				CLANG_ENABLE_OBJC_ARC = YES;
				CLANG_ENABLE_OBJC_WEAK = YES;
				CLANG_WARN_BLOCK_CAPTURE_AUTORELEASING = YES;
				CLANG_WARN_BOOL_CONVERSION = YES;
				CLANG_WARN_COMMA = YES;
				CLANG_WARN_CONSTANT_CONVERSION = YES;
				CLANG_WARN_DEPRECATED_OBJC_IMPLEMENTATIONS = YES;
				CLANG_WARN_DIRECT_OBJC_ISA_USAGE = YES_ERROR;
				CLANG_WARN_DOCUMENTATION_COMMENTS = YES;
				CLANG_WARN_EMPTY_BODY = YES;
				CLANG_WARN_ENUM_CONVERSION = YES;
				CLANG_WARN_INFINITE_RECURSION = YES;
				CLANG_WARN_INT_CONVERSION = YES;
				CLANG_WARN_NON_LITERAL_NULL_CONVERSION = YES;
				CLANG_WARN_OBJC_IMPLICIT_RETAIN_SELF = YES;
				CLANG_WARN_OBJC_LITERAL_CONVERSION = YES;
				CLANG_WARN_OBJC_ROOT_CLASS = YES_ERROR;
				CLANG_WARN_QUOTED_INCLUDE_IN_FRAMEWORK_HEADER = YES;
				CLANG_WARN_RANGE_LOOP_ANALYSIS = YES;
				CLANG_WARN_STRICT_PROTOTYPES = YES;
				CLANG_WARN_SUSPICIOUS_MOVE = YES;
				CLANG_WARN_UNGUARDED_AVAILABILITY = YES_AGGRESSIVE;
				CLANG_WARN_UNREACHABLE_CODE = YES;
				CLANG_WARN__DUPLICATE_METHOD_MATCH = YES;
				COPY_PHASE_STRIP = NO;
				DEBUG_INFORMATION_FORMAT = "dwarf-with-dsym";
				ENABLE_NS_ASSERTIONS = NO;
				ENABLE_STRICT_OBJC_MSGSEND = YES;
				GCC_C_LANGUAGE_STANDARD = gnu11;
				GCC_NO_COMMON_BLOCKS = YES;
				GCC_WARN_64_TO_32_BIT_CONVERSION = YES;
				GCC_WARN_ABOUT_RETURN_TYPE = YES_ERROR;
				GCC_WARN_UNDECLARED_SELECTOR = YES;
				GCC_WARN_UNINITIALIZED_AUTOS = YES_AGGRESSIVE;
				GCC_WARN_UNUSED_FUNCTION = YES;
				GCC_WARN_UNUSED_VARIABLE = YES;
				IPHONEOS_DEPLOYMENT_TARGET = 14.5;
				MTL_ENABLE_DEBUG_INFO = NO;
				MTL_FAST_MATH = YES;
				SDKROOT = iphoneos;
				SWIFT_COMPILATION_MODE = wholemodule;
				SWIFT_OPTIMIZATION_LEVEL = "-O";
				VALIDATE_PRODUCT = YES;
			};
			name = Release;
		};
		C4FEB69526F4A7670003B7D3 /* Debug */ = {
			isa = XCBuildConfiguration;
			baseConfigurationReference = CC94B2ED388768FCC68C0577 /* Pods-Weather-YandexAPI.debug.xcconfig */;
			buildSettings = {
				ASSETCATALOG_COMPILER_APPICON_NAME = AppIcon;
				ASSETCATALOG_COMPILER_GLOBAL_ACCENT_COLOR_NAME = AccentColor;
				CODE_SIGN_STYLE = Automatic;
				DEVELOPMENT_TEAM = KP4A68PJ98;
				INFOPLIST_FILE = "Weather-YandexAPI/Supporting Files/Info.plist";
				IPHONEOS_DEPLOYMENT_TARGET = 13.0;
				LD_RUNPATH_SEARCH_PATHS = (
					"$(inherited)",
					"@executable_path/Frameworks",
				);
				PRODUCT_BUNDLE_IDENTIFIER = "izzyumkin.Weather-YandexAPI";
				PRODUCT_NAME = "$(TARGET_NAME)";
				SWIFT_VERSION = 5.0;
				TARGETED_DEVICE_FAMILY = "1,2";
			};
			name = Debug;
		};
		C4FEB69626F4A7670003B7D3 /* Release */ = {
			isa = XCBuildConfiguration;
			baseConfigurationReference = 993655F9786D3E5AA78FA631 /* Pods-Weather-YandexAPI.release.xcconfig */;
			buildSettings = {
				ASSETCATALOG_COMPILER_APPICON_NAME = AppIcon;
				ASSETCATALOG_COMPILER_GLOBAL_ACCENT_COLOR_NAME = AccentColor;
				CODE_SIGN_STYLE = Automatic;
				DEVELOPMENT_TEAM = KP4A68PJ98;
				INFOPLIST_FILE = "Weather-YandexAPI/Supporting Files/Info.plist";
				IPHONEOS_DEPLOYMENT_TARGET = 13.0;
				LD_RUNPATH_SEARCH_PATHS = (
					"$(inherited)",
					"@executable_path/Frameworks",
				);
				PRODUCT_BUNDLE_IDENTIFIER = "izzyumkin.Weather-YandexAPI";
				PRODUCT_NAME = "$(TARGET_NAME)";
				SWIFT_VERSION = 5.0;
				TARGETED_DEVICE_FAMILY = "1,2";
			};
			name = Release;
		};
/* End XCBuildConfiguration section */

/* Begin XCConfigurationList section */
		C4FEB67B26F4A7630003B7D3 /* Build configuration list for PBXProject "Weather-YandexAPI" */ = {
			isa = XCConfigurationList;
			buildConfigurations = (
				C4FEB69226F4A7670003B7D3 /* Debug */,
				C4FEB69326F4A7670003B7D3 /* Release */,
			);
			defaultConfigurationIsVisible = 0;
			defaultConfigurationName = Release;
		};
		C4FEB69426F4A7670003B7D3 /* Build configuration list for PBXNativeTarget "Weather-YandexAPI" */ = {
			isa = XCConfigurationList;
			buildConfigurations = (
				C4FEB69526F4A7670003B7D3 /* Debug */,
				C4FEB69626F4A7670003B7D3 /* Release */,
			);
			defaultConfigurationIsVisible = 0;
			defaultConfigurationName = Release;
		};
/* End XCConfigurationList section */
	};
	rootObject = C4FEB67826F4A7630003B7D3 /* Project object */;
}
